Microsoft Visual Studio Solution File, Format Version 12.00
# Visual Studio Version 17
VisualStudioVersion = 17.5.2.0
MinimumVisualStudioVersion = 10.0.40219.1
Project("{FAE04EC0-301F-11D3-BF4B-00C04F79EFBC}") = "RuminsterBackend", "RuminsterBackend.csproj", "{A5C30D09-1438-641A-B1E5-483FF42429CB}"
EndProject
Global
	GlobalSection(SolutionConfigurationPlatforms) = preSolution
		Debug|Any CPU = Debug|Any CPU
		Release|Any CPU = Release|Any CPU
	EndGlobalSection
	GlobalSection(ProjectConfigurationPlatforms) = postSolution
		{A5C30D09-1438-641A-B1E5-483FF42429CB}.Debug|Any CPU.ActiveCfg = Debug|Any CPU
		{A5C30D09-1438-641A-B1E5-483FF42429CB}.Debug|Any CPU.Build.0 = Debug|Any CPU
		{A5C30D09-1438-641A-B1E5-483FF42429CB}.Release|Any CPU.ActiveCfg = Release|Any CPU
		{A5C30D09-1438-641A-B1E5-483FF42429CB}.Release|Any CPU.Build.0 = Release|Any CPU
	EndGlobalSection
	GlobalSection(SolutionProperties) = preSolution
		HideSolutionNode = FALSE
	EndGlobalSection
	GlobalSection(ExtensibilityGlobals) = postSolution
		SolutionGuid = {BBE30CC2-8DA1-41EC-87D9-86A51AE1A7B2}
	EndGlobalSection
EndGlobal
